Microsoft Visual Studio Solution File, Format Version 12.00
# Visual Studio Version 17
VisualStudioVersion = 17.5.2.0
MinimumVisualStudioVersion = 10.0.40219.1
Project("{2150E333-8FDC-42A3-9474-1A3956D46DE8}") = "KitchenDisplayService", "KitchenDisplayService", "{896B2FC5-D8C0-4A16-968B-AB77F6898D29}"
EndProject
Project("{2150E333-8FDC-42A3-9474-1A3956D46DE8}") = "NotificationService", "NotificationService", "{0BAE62A9-2200-0262-2CB5-8EE825167370}"
EndProject
Project("{2150E333-8FDC-42A3-9474-1A3956D46DE8}") = "AuthService", "AuthService", "{54C27F26-71CB-9721-02CF-9E5332C2F895}"
EndProject
Project("{2150E333-8FDC-42A3-9474-1A3956D46DE8}") = "LoyaltyService", "LoyaltyService", "{91B31BBE-AE6A-C152-99EB-7B0E9A1D7AF2}"
EndProject
Project("{2150E333-8FDC-42A3-9474-1A3956D46DE8}") = "PaymentService", "PaymentService", "{BB3827F1-F3A2-E5D7-C0A8-E90CBCD5CE04}"
EndProject
Project("{2150E333-8FDC-42A3-9474-1A3956D46DE8}") = "MenuService", "MenuService", "{3E96CC70-D638-9B4C-EC96-76F86C9F844C}"
EndProject
Project("{2150E333-8FDC-42A3-9474-1A3956D46DE8}") = "OrderService", "OrderService", "{1CDB8257-D98E-AF38-204D-5645D4EEB404}"
EndProject
Project("{2150E333-8FDC-42A3-9474-1A3956D46DE8}") = "APIGateway", "APIGateway", "{25D181DD-5CC9-F0B3-C64F-91E1AA77FD70}"
EndProject
Project("{2150E333-8FDC-42A3-9474-1A3956D46DE8}") = "InventoryService", "InventoryService", "{2C0108AB-5D27-61AE-3E27-841A964D9CD4}"
EndProject
Project("{2150E333-8FDC-42A3-9474-1A3956D46DE8}") = "src", "src", "{75223F40-B68A-CA46-9C0D-61F685167202}"
EndProject
Project("{FAE04EC0-301F-11D3-BF4B-00C04F79EFBC}") = "KitchenDisplayService.API", "KitchenDisplayService\src\KitchenDisplayService.API\KitchenDisplayService.API.csproj", "{7F1110AB-D6EB-19DE-87DE-5AD14E627080}"
EndProject
Project("{2150E333-8FDC-42A3-9474-1A3956D46DE8}") = "src", "src", "{30993AEE-98A1-529F-B564-95C3EB406259}"
EndProject
Project("{FAE04EC0-301F-11D3-BF4B-00C04F79EFBC}") = "NotificationService.API", "NotificationService\src\NotificationService.API\NotificationService.API.csproj", "{7F77D144-761E-BADF-560A-F5D13B8F9277}"
EndProject
Project("{2150E333-8FDC-42A3-9474-1A3956D46DE8}") = "src", "src", "{FDD3B01D-2D1E-62BC-06E4-AC249E101CD7}"
EndProject
Project("{FAE04EC0-301F-11D3-BF4B-00C04F79EFBC}") = "AuthService.API", "AuthService\src\AuthService.API\AuthService.API.csproj", "{F47C75E1-26F1-DEB7-CBB1-3C611AF7CFF3}"
EndProject
Project("{2150E333-8FDC-42A3-9474-1A3956D46DE8}") = "src", "src", "{25F6FBC1-C8AD-69AD-E2C3-81D1B61A30B2}"
EndProject
Project("{FAE04EC0-301F-11D3-BF4B-00C04F79EFBC}") = "LoyaltyService.API", "LoyaltyService\src\LoyaltyService.API\LoyaltyService.API.csproj", "{55B3FFBA-80E8-FD84-AE19-95E7BBD41E8C}"
EndProject
Project("{2150E333-8FDC-42A3-9474-1A3956D46DE8}") = "src", "src", "{87F3E034-F907-4FFC-4784-CB8ED6B3D806}"
EndProject
Project("{FAE04EC0-301F-11D3-BF4B-00C04F79EFBC}") = "PaymentService.API", "PaymentService\src\PaymentService.API\PaymentService.API.csproj", "{A003B908-490E-DBB0-ABA2-65DD0355C6C5}"
EndProject
Project("{2150E333-8FDC-42A3-9474-1A3956D46DE8}") = "src", "src", "{709A456C-C625-33B0-1F9D-453BB54F8FC9}"
EndProject
Project("{FAE04EC0-301F-11D3-BF4B-00C04F79EFBC}") = "MenuService.API", "MenuService\src\MenuService.API\MenuService.API.csproj", "{FFE4CE5F-FFCD-A280-9DA6-4CDE2C574291}"
EndProject
Project("{2150E333-8FDC-42A3-9474-1A3956D46DE8}") = "src", "src", "{B7002682-C511-B755-F4DA-019F023A936F}"
EndProject
Project("{FAE04EC0-301F-11D3-BF4B-00C04F79EFBC}") = "OrderService.API", "OrderService\src\OrderService.API\OrderService.API.csproj", "{87119020-9381-6B9C-CBC6-445CBB7B3883}"
EndProject
Project("{2150E333-8FDC-42A3-9474-1A3956D46DE8}") = "src", "src", "{F0E44C91-40B1-886A-371F-DC2A96A28ABF}"
EndProject
Project("{FAE04EC0-301F-11D3-BF4B-00C04F79EFBC}") = "APIGateway.API", "APIGateway\src\APIGateway.API\APIGateway.API.csproj", "{A964CA4A-4213-8591-6D37-A5EDB8B50623}"
EndProject
Project("{2150E333-8FDC-42A3-9474-1A3956D46DE8}") = "src", "src", "{364DE4A4-0BF5-E27E-20D8-0A9681A7A2A7}"
EndProject
Project("{FAE04EC0-301F-11D3-BF4B-00C04F79EFBC}") = "InventoryService.API", "InventoryService\src\InventoryService.API\InventoryService.API.csproj", "{5AF76128-2599-1556-C260-B4E7E7F065A4}"
EndProject
Global
	GlobalSection(SolutionConfigurationPlatforms) = preSolution
		Debug|Any CPU = Debug|Any CPU
		Release|Any CPU = Release|Any CPU
	EndGlobalSection
	GlobalSection(ProjectConfigurationPlatforms) = postSolution
		{7F1110AB-D6EB-19DE-87DE-5AD14E627080}.Debug|Any CPU.ActiveCfg = Debug|Any CPU
		{7F1110AB-D6EB-19DE-87DE-5AD14E627080}.Debug|Any CPU.Build.0 = Debug|Any CPU
		{7F1110AB-D6EB-19DE-87DE-5AD14E627080}.Release|Any CPU.ActiveCfg = Release|Any CPU
		{7F1110AB-D6EB-19DE-87DE-5AD14E627080}.Release|Any CPU.Build.0 = Release|Any CPU
		{7F77D144-761E-BADF-560A-F5D13B8F9277}.Debug|Any CPU.ActiveCfg = Debug|Any CPU
		{7F77D144-761E-BADF-560A-F5D13B8F9277}.Debug|Any CPU.Build.0 = Debug|Any CPU
		{7F77D144-761E-BADF-560A-F5D13B8F9277}.Release|Any CPU.ActiveCfg = Release|Any CPU
		{7F77D144-761E-BADF-560A-F5D13B8F9277}.Release|Any CPU.Build.0 = Release|Any CPU
		{F47C75E1-26F1-DEB7-CBB1-3C611AF7CFF3}.Debug|Any CPU.ActiveCfg = Debug|Any CPU
		{F47C75E1-26F1-DEB7-CBB1-3C611AF7CFF3}.Debug|Any CPU.Build.0 = Debug|Any CPU
		{F47C75E1-26F1-DEB7-CBB1-3C611AF7CFF3}.Release|Any CPU.ActiveCfg = Release|Any CPU
		{F47C75E1-26F1-DEB7-CBB1-3C611AF7CFF3}.Release|Any CPU.Build.0 = Release|Any CPU
		{55B3FFBA-80E8-FD84-AE19-95E7BBD41E8C}.Debug|Any CPU.ActiveCfg = Debug|Any CPU
		{55B3FFBA-80E8-FD84-AE19-95E7BBD41E8C}.Debug|Any CPU.Build.0 = Debug|Any CPU
		{55B3FFBA-80E8-FD84-AE19-95E7BBD41E8C}.Release|Any CPU.ActiveCfg = Release|Any CPU
		{55B3FFBA-80E8-FD84-AE19-95E7BBD41E8C}.Release|Any CPU.Build.0 = Release|Any CPU
		{A003B908-490E-DBB0-ABA2-65DD0355C6C5}.Debug|Any CPU.ActiveCfg = Debug|Any CPU
		{A003B908-490E-DBB0-ABA2-65DD0355C6C5}.Debug|Any CPU.Build.0 = Debug|Any CPU
		{A003B908-490E-DBB0-ABA2-65DD0355C6C5}.Release|Any CPU.ActiveCfg = Release|Any CPU
		{A003B908-490E-DBB0-ABA2-65DD0355C6C5}.Release|Any CPU.Build.0 = Release|Any CPU
		{FFE4CE5F-FFCD-A280-9DA6-4CDE2C574291}.Debug|Any CPU.ActiveCfg = Debug|Any CPU
		{FFE4CE5F-FFCD-A280-9DA6-4CDE2C574291}.Debug|Any CPU.Build.0 = Debug|Any CPU
		{FFE4CE5F-FFCD-A280-9DA6-4CDE2C574291}.Release|Any CPU.ActiveCfg = Release|Any CPU
		{FFE4CE5F-FFCD-A280-9DA6-4CDE2C574291}.Release|Any CPU.Build.0 = Release|Any CPU
		{87119020-9381-6B9C-CBC6-445CBB7B3883}.Debug|Any CPU.ActiveCfg = Debug|Any CPU
		{87119020-9381-6B9C-CBC6-445CBB7B3883}.Debug|Any CPU.Build.0 = Debug|Any CPU
		{87119020-9381-6B9C-CBC6-445CBB7B3883}.Release|Any CPU.ActiveCfg = Release|Any CPU
		{87119020-9381-6B9C-CBC6-445CBB7B3883}.Release|Any CPU.Build.0 = Release|Any CPU
		{A964CA4A-4213-8591-6D37-A5EDB8B50623}.Debug|Any CPU.ActiveCfg = Debug|Any CPU
		{A964CA4A-4213-8591-6D37-A5EDB8B50623}.Debug|Any CPU.Build.0 = Debug|Any CPU
		{A964CA4A-4213-8591-6D37-A5EDB8B50623}.Release|Any CPU.ActiveCfg = Release|Any CPU
		{A964CA4A-4213-8591-6D37-A5EDB8B50623}.Release|Any CPU.Build.0 = Release|Any CPU
		{5AF76128-2599-1556-C260-B4E7E7F065A4}.Debug|Any CPU.ActiveCfg = Debug|Any CPU
		{5AF76128-2599-1556-C260-B4E7E7F065A4}.Debug|Any CPU.Build.0 = Debug|Any CPU
		{5AF76128-2599-1556-C260-B4E7E7F065A4}.Release|Any CPU.ActiveCfg = Release|Any CPU
		{5AF76128-2599-1556-C260-B4E7E7F065A4}.Release|Any CPU.Build.0 = Release|Any CPU
	EndGlobalSection
	GlobalSection(SolutionProperties) = preSolution
		HideSolutionNode = FALSE
	EndGlobalSection
	GlobalSection(NestedProjects) = preSolution
		{75223F40-B68A-CA46-9C0D-61F685167202} = {896B2FC5-D8C0-4A16-968B-AB77F6898D29}
		{7F1110AB-D6EB-19DE-87DE-5AD14E627080} = {75223F40-B68A-CA46-9C0D-61F685167202}
		{30993AEE-98A1-529F-B564-95C3EB406259} = {0BAE62A9-2200-0262-2CB5-8EE825167370}
		{7F77D144-761E-BADF-560A-F5D13B8F9277} = {30993AEE-98A1-529F-B564-95C3EB406259}
		{FDD3B01D-2D1E-62BC-06E4-AC249E101CD7} = {54C27F26-71CB-9721-02CF-9E5332C2F895}
		{F47C75E1-26F1-DEB7-CBB1-3C611AF7CFF3} = {FDD3B01D-2D1E-62BC-06E4-AC249E101CD7}
		{25F6FBC1-C8AD-69AD-E2C3-81D1B61A30B2} = {91B31BBE-AE6A-C152-99EB-7B0E9A1D7AF2}
		{55B3FFBA-80E8-FD84-AE19-95E7BBD41E8C} = {25F6FBC1-C8AD-69AD-E2C3-81D1B61A30B2}
		{87F3E034-F907-4FFC-4784-CB8ED6B3D806} = {BB3827F1-F3A2-E5D7-C0A8-E90CBCD5CE04}
		{A003B908-490E-DBB0-ABA2-65DD0355C6C5} = {87F3E034-F907-4FFC-4784-CB8ED6B3D806}
		{709A456C-C625-33B0-1F9D-453BB54F8FC9} = {3E96CC70-D638-9B4C-EC96-76F86C9F844C}
		{FFE4CE5F-FFCD-A280-9DA6-4CDE2C574291} = {709A456C-C625-33B0-1F9D-453BB54F8FC9}
		{B7002682-C511-B755-F4DA-019F023A936F} = {1CDB8257-D98E-AF38-204D-5645D4EEB404}
		{87119020-9381-6B9C-CBC6-445CBB7B3883} = {B7002682-C511-B755-F4DA-019F023A936F}
		{F0E44C91-40B1-886A-371F-DC2A96A28ABF} = {25D181DD-5CC9-F0B3-C64F-91E1AA77FD70}
		{A964CA4A-4213-8591-6D37-A5EDB8B50623} = {F0E44C91-40B1-886A-371F-DC2A96A28ABF}
		{364DE4A4-0BF5-E27E-20D8-0A9681A7A2A7} = {2C0108AB-5D27-61AE-3E27-841A964D9CD4}
		{5AF76128-2599-1556-C260-B4E7E7F065A4} = {364DE4A4-0BF5-E27E-20D8-0A9681A7A2A7}
	EndGlobalSection
	GlobalSection(ExtensibilityGlobals) = postSolution
		SolutionGuid = {862C8D9C-32A8-436E-B351-2DFBFA6A19B9}
	EndGlobalSection
EndGlobal
